
Microsoft Visual Studio Solution File, Format Version 12.00
# Visual Studio Version 17
VisualStudioVersion = 17.4.33213.308
MinimumVisualStudioVersion = 10.0.40219.1
Project("{FAE04EC0-301F-11D3-BF4B-00C04F79EFBC}") = "MoodAnalyser", "MoodAnalyser.csproj", "{65786A53-D62D-4561-8DE9-B4CCE4C7BA55}"
EndProject
Project("{FAE04EC0-301F-11D3-BF4B-00C04F79EFBC}") = "UnitTestProject1", "..\UnitTestProject1\UnitTestProject1.csproj", "{6EA4E67E-60EC-4316-85F1-50D457EE4BF0}"
EndProject
Global
	GlobalSection(SolutionConfigurationPlatforms) = preSolution
		Debug|Any CPU = Debug|Any CPU
		Release|Any CPU = Release|Any CPU
	EndGlobalSection
	GlobalSection(ProjectConfigurationPlatforms) = postSolution
		{65786A53-D62D-4561-8DE9-B4CCE4C7BA55}.Debug|Any CPU.ActiveCfg = Debug|Any CPU
		{65786A53-D62D-4561-8DE9-B4CCE4C7BA55}.Debug|Any CPU.Build.0 = Debug|Any CPU
		{65786A53-D62D-4561-8DE9-B4CCE4C7BA55}.Release|Any CPU.ActiveCfg = Release|Any CPU
		{65786A53-D62D-4561-8DE9-B4CCE4C7BA55}.Release|Any CPU.Build.0 = Release|Any CPU
		{6EA4E67E-60EC-4316-85F1-50D457EE4BF0}.Debug|Any CPU.ActiveCfg = Debug|Any CPU
		{6EA4E67E-60EC-4316-85F1-50D457EE4BF0}.Debug|Any CPU.Build.0 = Debug|Any CPU
		{6EA4E67E-60EC-4316-85F1-50D457EE4BF0}.Release|Any CPU.ActiveCfg = Release|Any CPU
		{6EA4E67E-60EC-4316-85F1-50D457EE4BF0}.Release|Any CPU.Build.0 = Release|Any CPU
	EndGlobalSection
	GlobalSection(SolutionProperties) = preSolution
		HideSolutionNode = FALSE
	EndGlobalSection
	GlobalSection(ExtensibilityGlobals) = postSolution
		SolutionGuid = {7865AA42-FF1D-436F-983B-B5769D31D1D2}
	EndGlobalSection
EndGlobal
